// !$*UTF8*$!
{
	archiveVersion = 1;
	classes = {
	};
	objectVersion = 56;
	objects = {

/* Begin PBXBuildFile section */
		8718A0712A5DC0EE00AA8087 /* DateInput.swift in Sources */ = {isa = PBXBuildFile; fileRef = 8718A0702A5DC0EE00AA8087 /* DateInput.swift */; };
		8718A0732A5EBCA700AA8087 /* Array+Extension.swift in Sources */ = {isa = PBXBuildFile; fileRef = 8718A0722A5EBCA700AA8087 /* Array+Extension.swift */; };
		8718A0762A5EC4CB00AA8087 /* LineGraph.swift in Sources */ = {isa = PBXBuildFile; fileRef = 8718A0752A5EC4CB00AA8087 /* LineGraph.swift */; };
		8718A0782A5ECA2F00AA8087 /* Display.swift in Sources */ = {isa = PBXBuildFile; fileRef = 8718A0772A5ECA2F00AA8087 /* Display.swift */; };
		874078DC2A58239A0056A07F /* TextInput.swift in Sources */ = {isa = PBXBuildFile; fileRef = 874078DB2A58239A0056A07F /* TextInput.swift */; };
		874078DE2A582AF30056A07F /* Callback.swift in Sources */ = {isa = PBXBuildFile; fileRef = 874078DD2A582AF30056A07F /* Callback.swift */; };
		8744E8382A55841E001CC05E /* View+Extension.swift in Sources */ = {isa = PBXBuildFile; fileRef = 8744E8372A55841E001CC05E /* View+Extension.swift */; };
		875C9E352A518A16009D2552 /* CategoryRow.swift in Sources */ = {isa = PBXBuildFile; fileRef = 875C9E342A518A16009D2552 /* CategoryRow.swift */; };
		875C9E382A51D580009D2552 /* Date+Extension.swift in Sources */ = {isa = PBXBuildFile; fileRef = 875C9E372A51D580009D2552 /* Date+Extension.swift */; };
		875C9E422A51D834009D2552 /* HealthDetailPresenterWorker.swift in Sources */ = {isa = PBXBuildFile; fileRef = 875C9E3A2A51D834009D2552 /* HealthDetailPresenterWorker.swift */; };
		875C9E432A51D834009D2552 /* HealthDetailPresenter.swift in Sources */ = {isa = PBXBuildFile; fileRef = 875C9E3B2A51D834009D2552 /* HealthDetailPresenter.swift */; };
		875C9E442A51D834009D2552 /* HealthDetailWorker.swift in Sources */ = {isa = PBXBuildFile; fileRef = 875C9E3C2A51D834009D2552 /* HealthDetailWorker.swift */; };
		875C9E452A51D834009D2552 /* HealthDetailRouter.swift in Sources */ = {isa = PBXBuildFile; fileRef = 875C9E3D2A51D834009D2552 /* HealthDetailRouter.swift */; };
		875C9E462A51D834009D2552 /* HealthDetailModels.swift in Sources */ = {isa = PBXBuildFile; fileRef = 875C9E3E2A51D834009D2552 /* HealthDetailModels.swift */; };
		875C9E472A51D834009D2552 /* HealthDetailViewController.swift in Sources */ = {isa = PBXBuildFile; fileRef = 875C9E3F2A51D834009D2552 /* HealthDetailViewController.swift */; };
		875C9E482A51D834009D2552 /* HealthDetailInteractor.swift in Sources */ = {isa = PBXBuildFile; fileRef = 875C9E402A51D834009D2552 /* HealthDetailInteractor.swift */; };
		875C9E4B2A51DA62009D2552 /* Main.storyboard in Resources */ = {isa = PBXBuildFile; fileRef = 875C9E4A2A51DA62009D2552 /* Main.storyboard */; };
		875C9E4E2A51DCF8009D2552 /* CategoryResponse.swift in Sources */ = {isa = PBXBuildFile; fileRef = 875C9E4D2A51DCF8009D2552 /* CategoryResponse.swift */; };
		87704FFA2A570F9F00A85311 /* BaseUIViewController.swift in Sources */ = {isa = PBXBuildFile; fileRef = 87704FF92A570F9F00A85311 /* BaseUIViewController.swift */; };
		87704FFD2A5724D000A85311 /* Model.xcdatamodeld in Sources */ = {isa = PBXBuildFile; fileRef = 87704FFB2A5724D000A85311 /* Model.xcdatamodeld */; };
		877050002A5725A200A85311 /* QueryService.swift in Sources */ = {isa = PBXBuildFile; fileRef = 87704FFF2A5725A200A85311 /* QueryService.swift */; };
		877050022A5725D500A85311 /* HealthService.swift in Sources */ = {isa = PBXBuildFile; fileRef = 877050012A5725D500A85311 /* HealthService.swift */; };
		877AA4B52A4E9F8100D63011 /* AppDelegate.swift in Sources */ = {isa = PBXBuildFile; fileRef = 877AA4B42A4E9F8100D63011 /* AppDelegate.swift */; };
		877AA4B72A4E9F8100D63011 /* SceneDelegate.swift in Sources */ = {isa = PBXBuildFile; fileRef = 877AA4B62A4E9F8100D63011 /* SceneDelegate.swift */; };
		877AA4BE2A4E9F8200D63011 /* Assets.xcassets in Resources */ = {isa = PBXBuildFile; fileRef = 877AA4BD2A4E9F8200D63011 /* Assets.xcassets */; };
		877AA4C12A4E9F8200D63011 /* LaunchScreen.storyboard in Resources */ = {isa = PBXBuildFile; fileRef = 877AA4BF2A4E9F8200D63011 /* LaunchScreen.storyboard */; };
		877AA4CC2A4E9F8200D63011 /* CleanSwiftUITests.swift in Sources */ = {isa = PBXBuildFile; fileRef = 877AA4CB2A4E9F8200D63011 /* CleanSwiftUITests.swift */; };
		877AA4D62A4E9F8200D63011 /* CleanSwiftUIUITests.swift in Sources */ = {isa = PBXBuildFile; fileRef = 877AA4D52A4E9F8200D63011 /* CleanSwiftUIUITests.swift */; };
		877AA4D82A4E9F8200D63011 /* CleanSwiftUIUITestsLaunchTests.swift in Sources */ = {isa = PBXBuildFile; fileRef = 877AA4D72A4E9F8200D63011 /* CleanSwiftUIUITestsLaunchTests.swift */; };
		877AA4EE2A4E9FB600D63011 /* DashboardPresenterWorker.swift in Sources */ = {isa = PBXBuildFile; fileRef = 877AA4E62A4E9FB600D63011 /* DashboardPresenterWorker.swift */; };
		877AA4EF2A4E9FB600D63011 /* DashboardPresenter.swift in Sources */ = {isa = PBXBuildFile; fileRef = 877AA4E72A4E9FB600D63011 /* DashboardPresenter.swift */; };
		877AA4F02A4E9FB600D63011 /* DashboardWorker.swift in Sources */ = {isa = PBXBuildFile; fileRef = 877AA4E82A4E9FB600D63011 /* DashboardWorker.swift */; };
		877AA4F12A4E9FB600D63011 /* DashboardRouter.swift in Sources */ = {isa = PBXBuildFile; fileRef = 877AA4E92A4E9FB600D63011 /* DashboardRouter.swift */; };
		877AA4F22A4E9FB600D63011 /* DashboardModels.swift in Sources */ = {isa = PBXBuildFile; fileRef = 877AA4EA2A4E9FB600D63011 /* DashboardModels.swift */; };
		877AA4F32A4E9FB600D63011 /* DashboardViewController.swift in Sources */ = {isa = PBXBuildFile; fileRef = 877AA4EB2A4E9FB600D63011 /* DashboardViewController.swift */; };
		877AA4F42A4E9FB600D63011 /* DashboardInteractor.swift in Sources */ = {isa = PBXBuildFile; fileRef = 877AA4EC2A4E9FB600D63011 /* DashboardInteractor.swift */; };
		877AA4F52A4E9FB600D63011 /* CounterViewController.xib in Resources */ = {isa = PBXBuildFile; fileRef = 877AA4ED2A4E9FB600D63011 /* CounterViewController.xib */; };
		877AA4F72A4EB97800D63011 /* DashboardSceneViewModel.swift in Sources */ = {isa = PBXBuildFile; fileRef = 877AA4F62A4EB97800D63011 /* DashboardSceneViewModel.swift */; };
		87E1228E2A5816700014D03F /* HealthInputFormPresenterWorker.swift in Sources */ = {isa = PBXBuildFile; fileRef = 87E122862A5816700014D03F /* HealthInputFormPresenterWorker.swift */; };
		87E1228F2A5816700014D03F /* HealthInputFormPresenter.swift in Sources */ = {isa = PBXBuildFile; fileRef = 87E122872A5816700014D03F /* HealthInputFormPresenter.swift */; };
		87E122902A5816700014D03F /* HealthInputFormWorker.swift in Sources */ = {isa = PBXBuildFile; fileRef = 87E122882A5816700014D03F /* HealthInputFormWorker.swift */; };
		87E122912A5816700014D03F /* HealthInputFormRouter.swift in Sources */ = {isa = PBXBuildFile; fileRef = 87E122892A5816700014D03F /* HealthInputFormRouter.swift */; };
		87E122922A5816700014D03F /* HealthInputFormModels.swift in Sources */ = {isa = PBXBuildFile; fileRef = 87E1228A2A5816700014D03F /* HealthInputFormModels.swift */; };
		87E122932A5816700014D03F /* HealthInputFormViewController.swift in Sources */ = {isa = PBXBuildFile; fileRef = 87E1228B2A5816700014D03F /* HealthInputFormViewController.swift */; };
		87E122942A5816700014D03F /* HealthInputFormInteractor.swift in Sources */ = {isa = PBXBuildFile; fileRef = 87E1228C2A5816700014D03F /* HealthInputFormInteractor.swift */; };
		87E122972A5817A40014D03F /* HealthInputFormSceneViewModel.swift in Sources */ = {isa = PBXBuildFile; fileRef = 87E122962A5817A40014D03F /* HealthInputFormSceneViewModel.swift */; };
		87E21EAA2A570A8200124882 /* HealthDetailSceneViewModel.swift in Sources */ = {isa = PBXBuildFile; fileRef = 87E21EA92A570A8200124882 /* HealthDetailSceneViewModel.swift */; };
/* End PBXBuildFile section */

/* Begin PBXContainerItemProxy section */
		877AA4C82A4E9F8200D63011 /* PBXContainerItemProxy */ = {
			isa = PBXContainerItemProxy;
			containerPortal = 877AA4A92A4E9F8100D63011 /* Project object */;
			proxyType = 1;
			remoteGlobalIDString = 877AA4B02A4E9F8100D63011;
			remoteInfo = CleanSwiftUI;
		};
		877AA4D22A4E9F8200D63011 /* PBXContainerItemProxy */ = {
			isa = PBXContainerItemProxy;
			containerPortal = 877AA4A92A4E9F8100D63011 /* Project object */;
			proxyType = 1;
			remoteGlobalIDString = 877AA4B02A4E9F8100D63011;
			remoteInfo = CleanSwiftUI;
		};
/* End PBXContainerItemProxy section */

/* Begin PBXFileReference section */
		8718A0702A5DC0EE00AA8087 /* DateInput.swift */ = {isa = PBXFileReference; lastKnownFileType = sourcecode.swift; path = DateInput.swift; sourceTree = "<group>"; };
		8718A0722A5EBCA700AA8087 /* Array+Extension.swift */ = {isa = PBXFileReference; lastKnownFileType = sourcecode.swift; path = "Array+Extension.swift"; sourceTree = "<group>"; };
		8718A0752A5EC4CB00AA8087 /* LineGraph.swift */ = {isa = PBXFileReference; lastKnownFileType = sourcecode.swift; path = LineGraph.swift; sourceTree = "<group>"; };
		8718A0772A5ECA2F00AA8087 /* Display.swift */ = {isa = PBXFileReference; lastKnownFileType = sourcecode.swift; path = Display.swift; sourceTree = "<group>"; };
		874078DB2A58239A0056A07F /* TextInput.swift */ = {isa = PBXFileReference; lastKnownFileType = sourcecode.swift; path = TextInput.swift; sourceTree = "<group>"; };
		874078DD2A582AF30056A07F /* Callback.swift */ = {isa = PBXFileReference; lastKnownFileType = sourcecode.swift; path = Callback.swift; sourceTree = "<group>"; };
		8744E8372A55841E001CC05E /* View+Extension.swift */ = {isa = PBXFileReference; lastKnownFileType = sourcecode.swift; path = "View+Extension.swift"; sourceTree = "<group>"; };
		875C9E342A518A16009D2552 /* CategoryRow.swift */ = {isa = PBXFileReference; lastKnownFileType = sourcecode.swift; path = CategoryRow.swift; sourceTree = "<group>"; };
		875C9E372A51D580009D2552 /* Date+Extension.swift */ = {isa = PBXFileReference; lastKnownFileType = sourcecode.swift; path = "Date+Extension.swift"; sourceTree = "<group>"; };
		875C9E3A2A51D834009D2552 /* HealthDetailPresenterWorker.swift */ = {isa = PBXFileReference; lastKnownFileType = sourcecode.swift; path = HealthDetailPresenterWorker.swift; sourceTree = "<group>"; };
		875C9E3B2A51D834009D2552 /* HealthDetailPresenter.swift */ = {isa = PBXFileReference; lastKnownFileType = sourcecode.swift; path = HealthDetailPresenter.swift; sourceTree = "<group>"; };
		875C9E3C2A51D834009D2552 /* HealthDetailWorker.swift */ = {isa = PBXFileReference; lastKnownFileType = sourcecode.swift; path = HealthDetailWorker.swift; sourceTree = "<group>"; };
		875C9E3D2A51D834009D2552 /* HealthDetailRouter.swift */ = {isa = PBXFileReference; lastKnownFileType = sourcecode.swift; path = HealthDetailRouter.swift; sourceTree = "<group>"; };
		875C9E3E2A51D834009D2552 /* HealthDetailModels.swift */ = {isa = PBXFileReference; lastKnownFileType = sourcecode.swift; path = HealthDetailModels.swift; sourceTree = "<group>"; };
		875C9E3F2A51D834009D2552 /* HealthDetailViewController.swift */ = {isa = PBXFileReference; lastKnownFileType = sourcecode.swift; path = HealthDetailViewController.swift; sourceTree = "<group>"; };
		875C9E402A51D834009D2552 /* HealthDetailInteractor.swift */ = {isa = PBXFileReference; lastKnownFileType = sourcecode.swift; path = HealthDetailInteractor.swift; sourceTree = "<group>"; };
		875C9E4A2A51DA62009D2552 /* Main.storyboard */ = {isa = PBXFileReference; lastKnownFileType = file.storyboard; path = Main.storyboard; sourceTree = "<group>"; };
		875C9E4D2A51DCF8009D2552 /* CategoryResponse.swift */ = {isa = PBXFileReference; lastKnownFileType = sourcecode.swift; path = CategoryResponse.swift; sourceTree = "<group>"; };
		87704FF92A570F9F00A85311 /* BaseUIViewController.swift */ = {isa = PBXFileReference; lastKnownFileType = sourcecode.swift; path = BaseUIViewController.swift; sourceTree = "<group>"; };
		87704FFC2A5724D000A85311 /* HealthRecord.xcdatamodel */ = {isa = PBXFileReference; lastKnownFileType = wrapper.xcdatamodel; path = HealthRecord.xcdatamodel; sourceTree = "<group>"; };
		87704FFF2A5725A200A85311 /* QueryService.swift */ = {isa = PBXFileReference; lastKnownFileType = sourcecode.swift; path = QueryService.swift; sourceTree = "<group>"; };
		877050012A5725D500A85311 /* HealthService.swift */ = {isa = PBXFileReference; lastKnownFileType = sourcecode.swift; path = HealthService.swift; sourceTree = "<group>"; };
		877AA4B12A4E9F8100D63011 /* VIPSwiftUI.app */ = {isa = PBXFileReference; explicitFileType = wrapper.application; includeInIndex = 0; path = VIPSwiftUI.app; sourceTree = BUILT_PRODUCTS_DIR; };
		877AA4B42A4E9F8100D63011 /* AppDelegate.swift */ = {isa = PBXFileReference; lastKnownFileType = sourcecode.swift; path = AppDelegate.swift; sourceTree = "<group>"; };
		877AA4B62A4E9F8100D63011 /* SceneDelegate.swift */ = {isa = PBXFileReference; lastKnownFileType = sourcecode.swift; path = SceneDelegate.swift; sourceTree = "<group>"; };
		877AA4BD2A4E9F8200D63011 /* Assets.xcassets */ = {isa = PBXFileReference; lastKnownFileType = folder.assetcatalog; path = Assets.xcassets; sourceTree = "<group>"; };
		877AA4C02A4E9F8200D63011 /* Base */ = {isa = PBXFileReference; lastKnownFileType = file.storyboard; name = Base; path = Base.lproj/LaunchScreen.storyboard; sourceTree = "<group>"; };
		877AA4C22A4E9F8200D63011 /* Info.plist */ = {isa = PBXFileReference; lastKnownFileType = text.plist.xml; path = Info.plist; sourceTree = "<group>"; };
		877AA4C72A4E9F8200D63011 /* VIPSwiftUITests.xctest */ = {isa = PBXFileReference; explicitFileType = wrapper.cfbundle; includeInIndex = 0; path = VIPSwiftUITests.xctest; sourceTree = BUILT_PRODUCTS_DIR; };
		877AA4CB2A4E9F8200D63011 /* CleanSwiftUITests.swift */ = {isa = PBXFileReference; lastKnownFileType = sourcecode.swift; path = CleanSwiftUITests.swift; sourceTree = "<group>"; };
		877AA4D12A4E9F8200D63011 /* VIPSwiftUIUITests.xctest */ = {isa = PBXFileReference; explicitFileType = wrapper.cfbundle; includeInIndex = 0; path = VIPSwiftUIUITests.xctest; sourceTree = BUILT_PRODUCTS_DIR; };
		877AA4D52A4E9F8200D63011 /* CleanSwiftUIUITests.swift */ = {isa = PBXFileReference; lastKnownFileType = sourcecode.swift; path = CleanSwiftUIUITests.swift; sourceTree = "<group>"; };
		877AA4D72A4E9F8200D63011 /* CleanSwiftUIUITestsLaunchTests.swift */ = {isa = PBXFileReference; lastKnownFileType = sourcecode.swift; path = CleanSwiftUIUITestsLaunchTests.swift; sourceTree = "<group>"; };
		877AA4E62A4E9FB600D63011 /* DashboardPresenterWorker.swift */ = {isa = PBXFileReference; lastKnownFileType = sourcecode.swift; path = DashboardPresenterWorker.swift; sourceTree = "<group>"; };
		877AA4E72A4E9FB600D63011 /* DashboardPresenter.swift */ = {isa = PBXFileReference; lastKnownFileType = sourcecode.swift; path = DashboardPresenter.swift; sourceTree = "<group>"; };
		877AA4E82A4E9FB600D63011 /* DashboardWorker.swift */ = {isa = PBXFileReference; lastKnownFileType = sourcecode.swift; path = DashboardWorker.swift; sourceTree = "<group>"; };
		877AA4E92A4E9FB600D63011 /* DashboardRouter.swift */ = {isa = PBXFileReference; lastKnownFileType = sourcecode.swift; path = DashboardRouter.swift; sourceTree = "<group>"; };
		877AA4EA2A4E9FB600D63011 /* DashboardModels.swift */ = {isa = PBXFileReference; lastKnownFileType = sourcecode.swift; path = DashboardModels.swift; sourceTree = "<group>"; };
		877AA4EB2A4E9FB600D63011 /* DashboardViewController.swift */ = {isa = PBXFileReference; lastKnownFileType = sourcecode.swift; path = DashboardViewController.swift; sourceTree = "<group>"; };
		877AA4EC2A4E9FB600D63011 /* DashboardInteractor.swift */ = {isa = PBXFileReference; lastKnownFileType = sourcecode.swift; path = DashboardInteractor.swift; sourceTree = "<group>"; };
		877AA4ED2A4E9FB600D63011 /* CounterViewController.xib */ = {isa = PBXFileReference; lastKnownFileType = file.xib; path = CounterViewController.xib; sourceTree = "<group>"; };
		877AA4F62A4EB97800D63011 /* DashboardSceneViewModel.swift */ = {isa = PBXFileReference; lastKnownFileType = sourcecode.swift; path = DashboardSceneViewModel.swift; sourceTree = "<group>"; };
		87E122862A5816700014D03F /* HealthInputFormPresenterWorker.swift */ = {isa = PBXFileReference; lastKnownFileType = sourcecode.swift; path = HealthInputFormPresenterWorker.swift; sourceTree = "<group>"; };
		87E122872A5816700014D03F /* HealthInputFormPresenter.swift */ = {isa = PBXFileReference; lastKnownFileType = sourcecode.swift; path = HealthInputFormPresenter.swift; sourceTree = "<group>"; };
		87E122882A5816700014D03F /* HealthInputFormWorker.swift */ = {isa = PBXFileReference; lastKnownFileType = sourcecode.swift; path = HealthInputFormWorker.swift; sourceTree = "<group>"; };
		87E122892A5816700014D03F /* HealthInputFormRouter.swift */ = {isa = PBXFileReference; lastKnownFileType = sourcecode.swift; path = HealthInputFormRouter.swift; sourceTree = "<group>"; };
		87E1228A2A5816700014D03F /* HealthInputFormModels.swift */ = {isa = PBXFileReference; lastKnownFileType = sourcecode.swift; path = HealthInputFormModels.swift; sourceTree = "<group>"; };
		87E1228B2A5816700014D03F /* HealthInputFormViewController.swift */ = {isa = PBXFileReference; lastKnownFileType = sourcecode.swift; path = HealthInputFormViewController.swift; sourceTree = "<group>"; };
		87E1228C2A5816700014D03F /* HealthInputFormInteractor.swift */ = {isa = PBXFileReference; lastKnownFileType = sourcecode.swift; path = HealthInputFormInteractor.swift; sourceTree = "<group>"; };
		87E122962A5817A40014D03F /* HealthInputFormSceneViewModel.swift */ = {isa = PBXFileReference; lastKnownFileType = sourcecode.swift; path = HealthInputFormSceneViewModel.swift; sourceTree = "<group>"; };
		87E21EA92A570A8200124882 /* HealthDetailSceneViewModel.swift */ = {isa = PBXFileReference; lastKnownFileType = sourcecode.swift; path = HealthDetailSceneViewModel.swift; sourceTree = "<group>"; };
/* End PBXFileReference section */

/* Begin PBXFrameworksBuildPhase section */
		877AA4AE2A4E9F8100D63011 /* Frameworks */ = {
			isa = PBXFrameworksBuildPhase;
			buildActionMask = 2147483647;
			files = (
			);
			runOnlyForDeploymentPostprocessing = 0;
		};
		877AA4C42A4E9F8200D63011 /* Frameworks */ = {
			isa = PBXFrameworksBuildPhase;
			buildActionMask = 2147483647;
			files = (
			);
			runOnlyForDeploymentPostprocessing = 0;
		};
		877AA4CE2A4E9F8200D63011 /* Frameworks */ = {
			isa = PBXFrameworksBuildPhase;
			buildActionMask = 2147483647;
			files = (
			);
			runOnlyForDeploymentPostprocessing = 0;
		};
/* End PBXFrameworksBuildPhase section */

/* Begin PBXGroup section */
		8718A0742A5EC4BE00AA8087 /* views */ = {
			isa = PBXGroup;
			children = (
				8718A0752A5EC4CB00AA8087 /* LineGraph.swift */,
			);
			path = views;
			sourceTree = "<group>";
		};
		874078DA2A5823910056A07F /* CustomViews */ = {
			isa = PBXGroup;
			children = (
				874078DB2A58239A0056A07F /* TextInput.swift */,
				8718A0702A5DC0EE00AA8087 /* DateInput.swift */,
			);
			path = CustomViews;
			sourceTree = "<group>";
		};
		875C9E332A518A0C009D2552 /* views */ = {
			isa = PBXGroup;
			children = (
				875C9E342A518A16009D2552 /* CategoryRow.swift */,
			);
			path = views;
			sourceTree = "<group>";
		};
		875C9E362A51D573009D2552 /* Extensions */ = {
			isa = PBXGroup;
			children = (
				875C9E372A51D580009D2552 /* Date+Extension.swift */,
				8718A0722A5EBCA700AA8087 /* Array+Extension.swift */,
				8744E8372A55841E001CC05E /* View+Extension.swift */,
				8718A0772A5ECA2F00AA8087 /* Display.swift */,
			);
			path = Extensions;
			sourceTree = "<group>";
		};
		875C9E392A51D81F009D2552 /* HealthDetail */ = {
			isa = PBXGroup;
			children = (
				8718A0742A5EC4BE00AA8087 /* views */,
				875C9E3A2A51D834009D2552 /* HealthDetailPresenterWorker.swift */,
				875C9E3B2A51D834009D2552 /* HealthDetailPresenter.swift */,
				875C9E3C2A51D834009D2552 /* HealthDetailWorker.swift */,
				875C9E3D2A51D834009D2552 /* HealthDetailRouter.swift */,
				875C9E3E2A51D834009D2552 /* HealthDetailModels.swift */,
				875C9E3F2A51D834009D2552 /* HealthDetailViewController.swift */,
				875C9E402A51D834009D2552 /* HealthDetailInteractor.swift */,
				87E21EA92A570A8200124882 /* HealthDetailSceneViewModel.swift */,
			);
			path = HealthDetail;
			sourceTree = "<group>";
		};
		875C9E4C2A51DCEA009D2552 /* Models */ = {
			isa = PBXGroup;
			children = (
				875C9E4D2A51DCF8009D2552 /* CategoryResponse.swift */,
			);
			path = Models;
			sourceTree = "<group>";
		};
		87704FF82A570F8800A85311 /* Base */ = {
			isa = PBXGroup;
			children = (
				874078DA2A5823910056A07F /* CustomViews */,
				875C9E4C2A51DCEA009D2552 /* Models */,
				87704FF92A570F9F00A85311 /* BaseUIViewController.swift */,
				874078DD2A582AF30056A07F /* Callback.swift */,
			);
			path = Base;
			sourceTree = "<group>";
		};
		87704FFE2A57259700A85311 /* Services */ = {
			isa = PBXGroup;
			children = (
				87704FFF2A5725A200A85311 /* QueryService.swift */,
				877050012A5725D500A85311 /* HealthService.swift */,
			);
			path = Services;
			sourceTree = "<group>";
		};
		877AA4A82A4E9F8100D63011 = {
			isa = PBXGroup;
			children = (
				877AA4B32A4E9F8100D63011 /* VIPSwiftUI */,
				87704FFB2A5724D000A85311 /* Model.xcdatamodeld */,
				877AA4CA2A4E9F8200D63011 /* VIPSwiftUITests */,
				877AA4D42A4E9F8200D63011 /* VIPSwiftUIUITests */,
				877AA4B22A4E9F8100D63011 /* Products */,
			);
			sourceTree = "<group>";
		};
		877AA4B22A4E9F8100D63011 /* Products */ = {
			isa = PBXGroup;
			children = (
				877AA4B12A4E9F8100D63011 /* VIPSwiftUI.app */,
				877AA4C72A4E9F8200D63011 /* VIPSwiftUITests.xctest */,
				877AA4D12A4E9F8200D63011 /* VIPSwiftUIUITests.xctest */,
			);
			name = Products;
			sourceTree = "<group>";
		};
		877AA4B32A4E9F8100D63011 /* VIPSwiftUI */ = {
			isa = PBXGroup;
			children = (
				877AA4B42A4E9F8100D63011 /* AppDelegate.swift */,
				877AA4B62A4E9F8100D63011 /* SceneDelegate.swift */,
				87704FFE2A57259700A85311 /* Services */,
				87704FF82A570F8800A85311 /* Base */,
				875C9E362A51D573009D2552 /* Extensions */,
				877AA4E42A4E9F9800D63011 /* Scenes */,
				877AA4BD2A4E9F8200D63011 /* Assets.xcassets */,
				877AA4BF2A4E9F8200D63011 /* LaunchScreen.storyboard */,
				875C9E4A2A51DA62009D2552 /* Main.storyboard */,
				877AA4C22A4E9F8200D63011 /* Info.plist */,
			);
			path = VIPSwiftUI;
			sourceTree = "<group>";
		};
		877AA4CA2A4E9F8200D63011 /* VIPSwiftUITests */ = {
			isa = PBXGroup;
			children = (
				877AA4CB2A4E9F8200D63011 /* CleanSwiftUITests.swift */,
			);
			path = VIPSwiftUITests;
			sourceTree = "<group>";
		};
		877AA4D42A4E9F8200D63011 /* VIPSwiftUIUITests */ = {
			isa = PBXGroup;
			children = (
				877AA4D52A4E9F8200D63011 /* CleanSwiftUIUITests.swift */,
				877AA4D72A4E9F8200D63011 /* CleanSwiftUIUITestsLaunchTests.swift */,
			);
			path = VIPSwiftUIUITests;
			sourceTree = "<group>";
		};
		877AA4E42A4E9F9800D63011 /* Scenes */ = {
			isa = PBXGroup;
			children = (
				87E122852A5816520014D03F /* HealthInputForm */,
				875C9E392A51D81F009D2552 /* HealthDetail */,
				877AA4E52A4E9FA100D63011 /* Dashboard */,
			);
			path = Scenes;
			sourceTree = "<group>";
		};
		877AA4E52A4E9FA100D63011 /* Dashboard */ = {
			isa = PBXGroup;
			children = (
				875C9E332A518A0C009D2552 /* views */,
				877AA4E62A4E9FB600D63011 /* DashboardPresenterWorker.swift */,
				877AA4E72A4E9FB600D63011 /* DashboardPresenter.swift */,
				877AA4E82A4E9FB600D63011 /* DashboardWorker.swift */,
				877AA4E92A4E9FB600D63011 /* DashboardRouter.swift */,
				877AA4EA2A4E9FB600D63011 /* DashboardModels.swift */,
				877AA4EB2A4E9FB600D63011 /* DashboardViewController.swift */,
				877AA4EC2A4E9FB600D63011 /* DashboardInteractor.swift */,
				877AA4F62A4EB97800D63011 /* DashboardSceneViewModel.swift */,
				877AA4ED2A4E9FB600D63011 /* CounterViewController.xib */,
			);
			path = Dashboard;
			sourceTree = "<group>";
		};
		87E122852A5816520014D03F /* HealthInputForm */ = {
			isa = PBXGroup;
			children = (
				87E122862A5816700014D03F /* HealthInputFormPresenterWorker.swift */,
				87E122872A5816700014D03F /* HealthInputFormPresenter.swift */,
				87E122882A5816700014D03F /* HealthInputFormWorker.swift */,
				87E122892A5816700014D03F /* HealthInputFormRouter.swift */,
				87E1228A2A5816700014D03F /* HealthInputFormModels.swift */,
				87E1228B2A5816700014D03F /* HealthInputFormViewController.swift */,
				87E1228C2A5816700014D03F /* HealthInputFormInteractor.swift */,
				87E122962A5817A40014D03F /* HealthInputFormSceneViewModel.swift */,
			);
			path = HealthInputForm;
			sourceTree = "<group>";
		};
/* End PBXGroup section */

/* Begin PBXNativeTarget section */
		877AA4B02A4E9F8100D63011 /* VIPSwiftUI */ = {
			isa = PBXNativeTarget;
			buildConfigurationList = 877AA4DB2A4E9F8200D63011 /* Build configuration list for PBXNativeTarget "VIPSwiftUI" */;
			buildPhases = (
				877AA4AD2A4E9F8100D63011 /* Sources */,
				877AA4AE2A4E9F8100D63011 /* Frameworks */,
				877AA4AF2A4E9F8100D63011 /* Resources */,
			);
			buildRules = (
			);
			dependencies = (
			);
			name = VIPSwiftUI;
			productName = CleanSwiftUI;
			productReference = 877AA4B12A4E9F8100D63011 /* VIPSwiftUI.app */;
			productType = "com.apple.product-type.application";
		};
		877AA4C62A4E9F8200D63011 /* VIPSwiftUITests */ = {
			isa = PBXNativeTarget;
			buildConfigurationList = 877AA4DE2A4E9F8200D63011 /* Build configuration list for PBXNativeTarget "VIPSwiftUITests" */;
			buildPhases = (
				877AA4C32A4E9F8200D63011 /* Sources */,
				877AA4C42A4E9F8200D63011 /* Frameworks */,
				877AA4C52A4E9F8200D63011 /* Resources */,
			);
			buildRules = (
			);
			dependencies = (
				877AA4C92A4E9F8200D63011 /* PBXTargetDependency */,
			);
			name = VIPSwiftUITests;
			productName = CleanSwiftUITests;
			productReference = 877AA4C72A4E9F8200D63011 /* VIPSwiftUITests.xctest */;
			productType = "com.apple.product-type.bundle.unit-test";
		};
		877AA4D02A4E9F8200D63011 /* VIPSwiftUIUITests */ = {
			isa = PBXNativeTarget;
			buildConfigurationList = 877AA4E12A4E9F8200D63011 /* Build configuration list for PBXNativeTarget "VIPSwiftUIUITests" */;
			buildPhases = (
				877AA4CD2A4E9F8200D63011 /* Sources */,
				877AA4CE2A4E9F8200D63011 /* Frameworks */,
				877AA4CF2A4E9F8200D63011 /* Resources */,
			);
			buildRules = (
			);
			dependencies = (
				877AA4D32A4E9F8200D63011 /* PBXTargetDependency */,
			);
			name = VIPSwiftUIUITests;
			productName = CleanSwiftUIUITests;
			productReference = 877AA4D12A4E9F8200D63011 /* VIPSwiftUIUITests.xctest */;
			productType = "com.apple.product-type.bundle.ui-testing";
		};
/* End PBXNativeTarget section */

/* Begin PBXProject section */
		877AA4A92A4E9F8100D63011 /* Project object */ = {
			isa = PBXProject;
			attributes = {
				BuildIndependentTargetsInParallel = 1;
				LastSwiftUpdateCheck = 1410;
				LastUpgradeCheck = 1410;
				TargetAttributes = {
					877AA4B02A4E9F8100D63011 = {
						CreatedOnToolsVersion = 14.1;
					};
					877AA4C62A4E9F8200D63011 = {
						CreatedOnToolsVersion = 14.1;
						TestTargetID = 877AA4B02A4E9F8100D63011;
					};
					877AA4D02A4E9F8200D63011 = {
						CreatedOnToolsVersion = 14.1;
						TestTargetID = 877AA4B02A4E9F8100D63011;
					};
				};
			};
			buildConfigurationList = 877AA4AC2A4E9F8100D63011 /* Build configuration list for PBXProject "VIPSwiftUI" */;
			compatibilityVersion = "Xcode 14.0";
			developmentRegion = en;
			hasScannedForEncodings = 0;
			knownRegions = (
				en,
				Base,
			);
			mainGroup = 877AA4A82A4E9F8100D63011;
			productRefGroup = 877AA4B22A4E9F8100D63011 /* Products */;
			projectDirPath = "";
			projectRoot = "";
			targets = (
				877AA4B02A4E9F8100D63011 /* VIPSwiftUI */,
				877AA4C62A4E9F8200D63011 /* VIPSwiftUITests */,
				877AA4D02A4E9F8200D63011 /* VIPSwiftUIUITests */,
			);
		};
/* End PBXProject section */

/* Begin PBXResourcesBuildPhase section */
		877AA4AF2A4E9F8100D63011 /* Resources */ = {
			isa = PBXResourcesBuildPhase;
			buildActionMask = 2147483647;
			files = (
				877AA4C12A4E9F8200D63011 /* LaunchScreen.storyboard in Resources */,
				877AA4F52A4E9FB600D63011 /* CounterViewController.xib in Resources */,
				877AA4BE2A4E9F8200D63011 /* Assets.xcassets in Resources */,
				875C9E4B2A51DA62009D2552 /* Main.storyboard in Resources */,
			);
			runOnlyForDeploymentPostprocessing = 0;
		};
		877AA4C52A4E9F8200D63011 /* Resources */ = {
			isa = PBXResourcesBuildPhase;
			buildActionMask = 2147483647;
			files = (
			);
			runOnlyForDeploymentPostprocessing = 0;
		};
		877AA4CF2A4E9F8200D63011 /* Resources */ = {
			isa = PBXResourcesBuildPhase;
			buildActionMask = 2147483647;
			files = (
			);
			runOnlyForDeploymentPostprocessing = 0;
		};
/* End PBXResourcesBuildPhase section */

/* Begin PBXSourcesBuildPhase section */
		877AA4AD2A4E9F8100D63011 /* Sources */ = {
			isa = PBXSourcesBuildPhase;
			buildActionMask = 2147483647;
			files = (
				87704FFA2A570F9F00A85311 /* BaseUIViewController.swift in Sources */,
				87E1228F2A5816700014D03F /* HealthInputFormPresenter.swift in Sources */,
				87E21EAA2A570A8200124882 /* HealthDetailSceneViewModel.swift in Sources */,
				877AA4EF2A4E9FB600D63011 /* DashboardPresenter.swift in Sources */,
				875C9E4E2A51DCF8009D2552 /* CategoryResponse.swift in Sources */,
				875C9E382A51D580009D2552 /* Date+Extension.swift in Sources */,
				875C9E472A51D834009D2552 /* HealthDetailViewController.swift in Sources */,
				8718A0762A5EC4CB00AA8087 /* LineGraph.swift in Sources */,
				87E122972A5817A40014D03F /* HealthInputFormSceneViewModel.swift in Sources */,
				877AA4F72A4EB97800D63011 /* DashboardSceneViewModel.swift in Sources */,
				877AA4F22A4E9FB600D63011 /* DashboardModels.swift in Sources */,
				875C9E422A51D834009D2552 /* HealthDetailPresenterWorker.swift in Sources */,
				875C9E442A51D834009D2552 /* HealthDetailWorker.swift in Sources */,
				8718A0712A5DC0EE00AA8087 /* DateInput.swift in Sources */,
				875C9E432A51D834009D2552 /* HealthDetailPresenter.swift in Sources */,
				874078DC2A58239A0056A07F /* TextInput.swift in Sources */,
				877050002A5725A200A85311 /* QueryService.swift in Sources */,
				875C9E462A51D834009D2552 /* HealthDetailModels.swift in Sources */,
				8718A0732A5EBCA700AA8087 /* Array+Extension.swift in Sources */,
				877AA4F42A4E9FB600D63011 /* DashboardInteractor.swift in Sources */,
				877AA4F32A4E9FB600D63011 /* DashboardViewController.swift in Sources */,
				87704FFD2A5724D000A85311 /* Model.xcdatamodeld in Sources */,
				87E122902A5816700014D03F /* HealthInputFormWorker.swift in Sources */,
				877AA4F02A4E9FB600D63011 /* DashboardWorker.swift in Sources */,
				87E122922A5816700014D03F /* HealthInputFormModels.swift in Sources */,
				874078DE2A582AF30056A07F /* Callback.swift in Sources */,
				877AA4EE2A4E9FB600D63011 /* DashboardPresenterWorker.swift in Sources */,
				87E1228E2A5816700014D03F /* HealthInputFormPresenterWorker.swift in Sources */,
				877AA4B52A4E9F8100D63011 /* AppDelegate.swift in Sources */,
				875C9E482A51D834009D2552 /* HealthDetailInteractor.swift in Sources */,
				8718A0782A5ECA2F00AA8087 /* Display.swift in Sources */,
				877AA4F12A4E9FB600D63011 /* DashboardRouter.swift in Sources */,
				8744E8382A55841E001CC05E /* View+Extension.swift in Sources */,
				875C9E452A51D834009D2552 /* HealthDetailRouter.swift in Sources */,
				875C9E352A518A16009D2552 /* CategoryRow.swift in Sources */,
				877050022A5725D500A85311 /* HealthService.swift in Sources */,
				877AA4B72A4E9F8100D63011 /* SceneDelegate.swift in Sources */,
				87E122932A5816700014D03F /* HealthInputFormViewController.swift in Sources */,
				87E122912A5816700014D03F /* HealthInputFormRouter.swift in Sources */,
				87E122942A5816700014D03F /* HealthInputFormInteractor.swift in Sources */,
			);
			runOnlyForDeploymentPostprocessing = 0;
		};
		877AA4C32A4E9F8200D63011 /* Sources */ = {
			isa = PBXSourcesBuildPhase;
			buildActionMask = 2147483647;
			files = (
				877AA4CC2A4E9F8200D63011 /* CleanSwiftUITests.swift in Sources */,
			);
			runOnlyForDeploymentPostprocessing = 0;
		};
		877AA4CD2A4E9F8200D63011 /* Sources */ = {
			isa = PBXSourcesBuildPhase;
			buildActionMask = 2147483647;
			files = (
				877AA4D82A4E9F8200D63011 /* CleanSwiftUIUITestsLaunchTests.swift in Sources */,
				877AA4D62A4E9F8200D63011 /* CleanSwiftUIUITests.swift in Sources */,
			);
			runOnlyForDeploymentPostprocessing = 0;
		};
/* End PBXSourcesBuildPhase section */

/* Begin PBXTargetDependency section */
		877AA4C92A4E9F8200D63011 /* PBXTargetDependency */ = {
			isa = PBXTargetDependency;
			target = 877AA4B02A4E9F8100D63011 /* VIPSwiftUI */;
			targetProxy = 877AA4C82A4E9F8200D63011 /* PBXContainerItemProxy */;
		};
		877AA4D32A4E9F8200D63011 /* PBXTargetDependency */ = {
			isa = PBXTargetDependency;
			target = 877AA4B02A4E9F8100D63011 /* VIPSwiftUI */;
			targetProxy = 877AA4D22A4E9F8200D63011 /* PBXContainerItemProxy */;
		};
/* End PBXTargetDependency section */

/* Begin PBXVariantGroup section */
		877AA4BF2A4E9F8200D63011 /* LaunchScreen.storyboard */ = {
			isa = PBXVariantGroup;
			children = (
				877AA4C02A4E9F8200D63011 /* Base */,
			);
			name = LaunchScreen.storyboard;
			sourceTree = "<group>";
		};
/* End PBXVariantGroup section */

/* Begin XCBuildConfiguration section */
		877AA4D92A4E9F8200D63011 /* Debug */ = {
			isa = XCBuildConfiguration;
			buildSettings = {
				ALWAYS_SEARCH_USER_PATHS = NO;
				CLANG_ANALYZER_NONNULL = YES;
				CLANG_ANALYZER_NUMBER_OBJECT_CONVERSION = YES_AGGRESSIVE;
				CLANG_CXX_LANGUAGE_STANDARD = "gnu++20";
				CLANG_ENABLE_MODULES = YES;
				CLANG_ENABLE_OBJC_ARC = YES;
				CLANG_ENABLE_OBJC_WEAK = YES;
				CLANG_WARN_BLOCK_CAPTURE_AUTORELEASING = YES;
				CLANG_WARN_BOOL_CONVERSION = YES;
				CLANG_WARN_COMMA = YES;
				CLANG_WARN_CONSTANT_CONVERSION = YES;
				CLANG_WARN_DEPRECATED_OBJC_IMPLEMENTATIONS = YES;
				CLANG_WARN_DIRECT_OBJC_ISA_USAGE = YES_ERROR;
				CLANG_WARN_DOCUMENTATION_COMMENTS = YES;
				CLANG_WARN_EMPTY_BODY = YES;
				CLANG_WARN_ENUM_CONVERSION = YES;
				CLANG_WARN_INFINITE_RECURSION = YES;
				CLANG_WARN_INT_CONVERSION = YES;
				CLANG_WARN_NON_LITERAL_NULL_CONVERSION = YES;
				CLANG_WARN_OBJC_IMPLICIT_RETAIN_SELF = YES;
				CLANG_WARN_OBJC_LITERAL_CONVERSION = YES;
				CLANG_WARN_OBJC_ROOT_CLASS = YES_ERROR;
				CLANG_WARN_QUOTED_INCLUDE_IN_FRAMEWORK_HEADER = YES;
				CLANG_WARN_RANGE_LOOP_ANALYSIS = YES;
				CLANG_WARN_STRICT_PROTOTYPES = YES;
				CLANG_WARN_SUSPICIOUS_MOVE = YES;
				CLANG_WARN_UNGUARDED_AVAILABILITY = YES_AGGRESSIVE;
				CLANG_WARN_UNREACHABLE_CODE = YES;
				CLANG_WARN__DUPLICATE_METHOD_MATCH = YES;
				COPY_PHASE_STRIP = NO;
				DEBUG_INFORMATION_FORMAT = dwarf;
				ENABLE_STRICT_OBJC_MSGSEND = YES;
				ENABLE_TESTABILITY = YES;
				GCC_C_LANGUAGE_STANDARD = gnu11;
				GCC_DYNAMIC_NO_PIC = NO;
				GCC_NO_COMMON_BLOCKS = YES;
				GCC_OPTIMIZATION_LEVEL = 0;
				GCC_PREPROCESSOR_DEFINITIONS = (
					"DEBUG=1",
					"$(inherited)",
				);
				GCC_WARN_64_TO_32_BIT_CONVERSION = YES;
				GCC_WARN_ABOUT_RETURN_TYPE = YES_ERROR;
				GCC_WARN_UNDECLARED_SELECTOR = YES;
				GCC_WARN_UNINITIALIZED_AUTOS = YES_AGGRESSIVE;
				GCC_WARN_UNUSED_FUNCTION = YES;
				GCC_WARN_UNUSED_VARIABLE = YES;
				IPHONEOS_DEPLOYMENT_TARGET = 16.1;
				MTL_ENABLE_DEBUG_INFO = INCLUDE_SOURCE;
				MTL_FAST_MATH = YES;
				ONLY_ACTIVE_ARCH = YES;
				SDKROOT = iphoneos;
				SWIFT_ACTIVE_COMPILATION_CONDITIONS = DEBUG;
				SWIFT_OPTIMIZATION_LEVEL = "-Onone";
			};
			name = Debug;
		};
		877AA4DA2A4E9F8200D63011 /* Release */ = {
			isa = XCBuildConfiguration;
			buildSettings = {
				ALWAYS_SEARCH_USER_PATHS = NO;
				CLANG_ANALYZER_NONNULL = YES;
				CLANG_ANALYZER_NUMBER_OBJECT_CONVERSION = YES_AGGRESSIVE;
				CLANG_CXX_LANGUAGE_STANDARD = "gnu++20";
				CLANG_ENABLE_MODULES = YES;
				CLANG_ENABLE_OBJC_ARC = YES;
				CLANG_ENABLE_OBJC_WEAK = YES;
				CLANG_WARN_BLOCK_CAPTURE_AUTORELEASING = YES;
				CLANG_WARN_BOOL_CONVERSION = YES;
				CLANG_WARN_COMMA = YES;
				CLANG_WARN_CONSTANT_CONVERSION = YES;
				CLANG_WARN_DEPRECATED_OBJC_IMPLEMENTATIONS = YES;
				CLANG_WARN_DIRECT_OBJC_ISA_USAGE = YES_ERROR;
				CLANG_WARN_DOCUMENTATION_COMMENTS = YES;
				CLANG_WARN_EMPTY_BODY = YES;
				CLANG_WARN_ENUM_CONVERSION = YES;
				CLANG_WARN_INFINITE_RECURSION = YES;
				CLANG_WARN_INT_CONVERSION = YES;
				CLANG_WARN_NON_LITERAL_NULL_CONVERSION = YES;
				CLANG_WARN_OBJC_IMPLICIT_RETAIN_SELF = YES;
				CLANG_WARN_OBJC_LITERAL_CONVERSION = YES;
				CLANG_WARN_OBJC_ROOT_CLASS = YES_ERROR;
				CLANG_WARN_QUOTED_INCLUDE_IN_FRAMEWORK_HEADER = YES;
				CLANG_WARN_RANGE_LOOP_ANALYSIS = YES;
				CLANG_WARN_STRICT_PROTOTYPES = YES;
				CLANG_WARN_SUSPICIOUS_MOVE = YES;
				CLANG_WARN_UNGUARDED_AVAILABILITY = YES_AGGRESSIVE;
				CLANG_WARN_UNREACHABLE_CODE = YES;
				CLANG_WARN__DUPLICATE_METHOD_MATCH = YES;
				COPY_PHASE_STRIP = NO;
				DEBUG_INFORMATION_FORMAT = "dwarf-with-dsym";
				ENABLE_NS_ASSERTIONS = NO;
				ENABLE_STRICT_OBJC_MSGSEND = YES;
				GCC_C_LANGUAGE_STANDARD = gnu11;
				GCC_NO_COMMON_BLOCKS = YES;
				GCC_WARN_64_TO_32_BIT_CONVERSION = YES;
				GCC_WARN_ABOUT_RETURN_TYPE = YES_ERROR;
				GCC_WARN_UNDECLARED_SELECTOR = YES;
				GCC_WARN_UNINITIALIZED_AUTOS = YES_AGGRESSIVE;
				GCC_WARN_UNUSED_FUNCTION = YES;
				GCC_WARN_UNUSED_VARIABLE = YES;
				IPHONEOS_DEPLOYMENT_TARGET = 16.1;
				MTL_ENABLE_DEBUG_INFO = NO;
				MTL_FAST_MATH = YES;
				SDKROOT = iphoneos;
				SWIFT_COMPILATION_MODE = wholemodule;
				SWIFT_OPTIMIZATION_LEVEL = "-O";
				VALIDATE_PRODUCT = YES;
			};
			name = Release;
		};
		877AA4DC2A4E9F8200D63011 /* Debug */ = {
			isa = XCBuildConfiguration;
			buildSettings = {
				ASSETCATALOG_COMPILER_APPICON_NAME = AppIcon;
				ASSETCATALOG_COMPILER_GLOBAL_ACCENT_COLOR_NAME = AccentColor;
				CODE_SIGN_STYLE = Automatic;
				CURRENT_PROJECT_VERSION = 1;
				DEVELOPMENT_TEAM = 57586HN8LA;
				GENERATE_INFOPLIST_FILE = YES;
				INFOPLIST_FILE = VIPSwiftUI/Info.plist;
				INFOPLIST_KEY_UIApplicationSupportsIndirectInputEvents = YES;
				INFOPLIST_KEY_UILaunchStoryboardName = LaunchScreen;
				INFOPLIST_KEY_UIMainStoryboardFile = Main;
				INFOPLIST_KEY_UIRequiresFullScreen = NO;
				INFOPLIST_KEY_UISupportedInterfaceOrientations_iPad = "UIInterfaceOrientationPortrait UIInterfaceOrientationPortraitUpsideDown UIInterfaceOrientationLandscapeLeft UIInterfaceOrientationLandscapeRight";
				INFOPLIST_KEY_UISupportedInterfaceOrientations_iPhone = "UIInterfaceOrientationPortrait UIInterfaceOrientationLandscapeLeft UIInterfaceOrientationLandscapeRight";
				IPHONEOS_DEPLOYMENT_TARGET = 14.0;
				LD_RUNPATH_SEARCH_PATHS = (
					"$(inherited)",
					"@executable_path/Frameworks",
				);
				MARKETING_VERSION = 1.0;
				PRODUCT_BUNDLE_IDENTIFIER = toon.VIPSwiftUI;
				PRODUCT_NAME = "$(TARGET_NAME)";
				SWIFT_EMIT_LOC_STRINGS = YES;
				SWIFT_VERSION = 5.0;
				TARGETED_DEVICE_FAMILY = "1,2";
			};
			name = Debug;
		};
		877AA4DD2A4E9F8200D63011 /* Release */ = {
			isa = XCBuildConfiguration;
			buildSettings = {
				ASSETCATALOG_COMPILER_APPICON_NAME = AppIcon;
				ASSETCATALOG_COMPILER_GLOBAL_ACCENT_COLOR_NAME = AccentColor;
				CODE_SIGN_STYLE = Automatic;
				CURRENT_PROJECT_VERSION = 1;
				DEVELOPMENT_TEAM = 57586HN8LA;
				GENERATE_INFOPLIST_FILE = YES;
				INFOPLIST_FILE = VIPSwiftUI/Info.plist;
				INFOPLIST_KEY_UIApplicationSupportsIndirectInputEvents = YES;
				INFOPLIST_KEY_UILaunchStoryboardName = LaunchScreen;
				INFOPLIST_KEY_UIMainStoryboardFile = Main;
				INFOPLIST_KEY_UIRequiresFullScreen = NO;
				INFOPLIST_KEY_UISupportedInterfaceOrientations_iPad = "UIInterfaceOrientationPortrait UIInterfaceOrientationPortraitUpsideDown UIInterfaceOrientationLandscapeLeft UIInterfaceOrientationLandscapeRight";
				INFOPLIST_KEY_UISupportedInterfaceOrientations_iPhone = "UIInterfaceOrientationPortrait UIInterfaceOrientationLandscapeLeft UIInterfaceOrientationLandscapeRight";
				IPHONEOS_DEPLOYMENT_TARGET = 14.0;
				LD_RUNPATH_SEARCH_PATHS = (
					"$(inherited)",
					"@executable_path/Frameworks",
				);
				MARKETING_VERSION = 1.0;
				PRODUCT_BUNDLE_IDENTIFIER = toon.VIPSwiftUI;
				PRODUCT_NAME = "$(TARGET_NAME)";
				SWIFT_EMIT_LOC_STRINGS = YES;
				SWIFT_VERSION = 5.0;
				TARGETED_DEVICE_FAMILY = "1,2";
			};
			name = Release;
		};
		877AA4DF2A4E9F8200D63011 /* Debug */ = {
			isa = XCBuildConfiguration;
			buildSettings = {
				ALWAYS_EMBED_SWIFT_STANDARD_LIBRARIES = YES;
				BUNDLE_LOADER = "$(TEST_HOST)";
				CODE_SIGN_STYLE = Automatic;
				CURRENT_PROJECT_VERSION = 1;
				DEVELOPMENT_TEAM = 57586HN8LA;
				GENERATE_INFOPLIST_FILE = YES;
				IPHONEOS_DEPLOYMENT_TARGET = 16.1;
				MARKETING_VERSION = 1.0;
				PRODUCT_BUNDLE_IDENTIFIER = toon.CleanSwiftUITests;
				PRODUCT_NAME = "$(TARGET_NAME)";
				SWIFT_EMIT_LOC_STRINGS = NO;
				SWIFT_VERSION = 5.0;
				TARGETED_DEVICE_FAMILY = "1,2";
				TEST_HOST = "$(BUILT_PRODUCTS_DIR)/VIPSwiftUI.app/$(BUNDLE_EXECUTABLE_FOLDER_PATH)/VIPSwiftUI";
			};
			name = Debug;
		};
		877AA4E02A4E9F8200D63011 /* Release */ = {
			isa = XCBuildConfiguration;
			buildSettings = {
				ALWAYS_EMBED_SWIFT_STANDARD_LIBRARIES = YES;
				BUNDLE_LOADER = "$(TEST_HOST)";
				CODE_SIGN_STYLE = Automatic;
				CURRENT_PROJECT_VERSION = 1;
				DEVELOPMENT_TEAM = 57586HN8LA;
				GENERATE_INFOPLIST_FILE = YES;
				IPHONEOS_DEPLOYMENT_TARGET = 16.1;
				MARKETING_VERSION = 1.0;
				PRODUCT_BUNDLE_IDENTIFIER = toon.CleanSwiftUITests;
				PRODUCT_NAME = "$(TARGET_NAME)";
				SWIFT_EMIT_LOC_STRINGS = NO;
				SWIFT_VERSION = 5.0;
				TARGETED_DEVICE_FAMILY = "1,2";
				TEST_HOST = "$(BUILT_PRODUCTS_DIR)/VIPSwiftUI.app/$(BUNDLE_EXECUTABLE_FOLDER_PATH)/VIPSwiftUI";
			};
			name = Release;
		};
		877AA4E22A4E9F8200D63011 /* Debug */ = {
			isa = XCBuildConfiguration;
			buildSettings = {
				ALWAYS_EMBED_SWIFT_STANDARD_LIBRARIES = YES;
				CODE_SIGN_STYLE = Automatic;
				CURRENT_PROJECT_VERSION = 1;
				DEVELOPMENT_TEAM = 57586HN8LA;
				GENERATE_INFOPLIST_FILE = YES;
				MARKETING_VERSION = 1.0;
				PRODUCT_BUNDLE_IDENTIFIER = toon.CleanSwiftUIUITests;
				PRODUCT_NAME = "$(TARGET_NAME)";
				SWIFT_EMIT_LOC_STRINGS = NO;
				SWIFT_VERSION = 5.0;
				TARGETED_DEVICE_FAMILY = "1,2";
				TEST_TARGET_NAME = CleanSwiftUI;
			};
			name = Debug;
		};
		877AA4E32A4E9F8200D63011 /* Release */ = {
			isa = XCBuildConfiguration;
			buildSettings = {
				ALWAYS_EMBED_SWIFT_STANDARD_LIBRARIES = YES;
				CODE_SIGN_STYLE = Automatic;
				CURRENT_PROJECT_VERSION = 1;
				DEVELOPMENT_TEAM = 57586HN8LA;
				GENERATE_INFOPLIST_FILE = YES;
				MARKETING_VERSION = 1.0;
				PRODUCT_BUNDLE_IDENTIFIER = toon.CleanSwiftUIUITests;
				PRODUCT_NAME = "$(TARGET_NAME)";
				SWIFT_EMIT_LOC_STRINGS = NO;
				SWIFT_VERSION = 5.0;
				TARGETED_DEVICE_FAMILY = "1,2";
				TEST_TARGET_NAME = CleanSwiftUI;
			};
			name = Release;
		};
/* End XCBuildConfiguration section */

/* Begin XCConfigurationList section */
		877AA4AC2A4E9F8100D63011 /* Build configuration list for PBXProject "VIPSwiftUI" */ = {
			isa = XCConfigurationList;
			buildConfigurations = (
				877AA4D92A4E9F8200D63011 /* Debug */,
				877AA4DA2A4E9F8200D63011 /* Release */,
			);
			defaultConfigurationIsVisible = 0;
			defaultConfigurationName = Release;
		};
		877AA4DB2A4E9F8200D63011 /* Build configuration list for PBXNativeTarget "VIPSwiftUI" */ = {
			isa = XCConfigurationList;
			buildConfigurations = (
				877AA4DC2A4E9F8200D63011 /* Debug */,
				877AA4DD2A4E9F8200D63011 /* Release */,
			);
			defaultConfigurationIsVisible = 0;
			defaultConfigurationName = Release;
		};
		877AA4DE2A4E9F8200D63011 /* Build configuration list for PBXNativeTarget "VIPSwiftUITests" */ = {
			isa = XCConfigurationList;
			buildConfigurations = (
				877AA4DF2A4E9F8200D63011 /* Debug */,
				877AA4E02A4E9F8200D63011 /* Release */,
			);
			defaultConfigurationIsVisible = 0;
			defaultConfigurationName = Release;
		};
		877AA4E12A4E9F8200D63011 /* Build configuration list for PBXNativeTarget "VIPSwiftUIUITests" */ = {
			isa = XCConfigurationList;
			buildConfigurations = (
				877AA4E22A4E9F8200D63011 /* Debug */,
				877AA4E32A4E9F8200D63011 /* Release */,
			);
			defaultConfigurationIsVisible = 0;
			defaultConfigurationName = Release;
		};
/* End XCConfigurationList section */

/* Begin XCVersionGroup section */
		87704FFB2A5724D000A85311 /* Model.xcdatamodeld */ = {
			isa = XCVersionGroup;
			children = (
				87704FFC2A5724D000A85311 /* HealthRecord.xcdatamodel */,
			);
			currentVersion = 87704FFC2A5724D000A85311 /* HealthRecord.xcdatamodel */;
			path = Model.xcdatamodeld;
			sourceTree = "<group>";
			versionGroupType = wrapper.xcdatamodel;
		};
/* End XCVersionGroup section */
	};
	rootObject = 877AA4A92A4E9F8100D63011 /* Project object */;
}
